PODS:
  - Alamofire (5.8.1)
  - GrowingTextView (0.7.2)
  - IQKeyboardManagerSwift (6.5.16)
  - MBProgressHUD (1.2.0)
  - SDWebImage (5.18.7):
    - SDWebImage/Core (= 5.18.7)
  - SDWebImage/Core (5.18.7)

DEPENDENCIES:
  - Alamofire
  - GrowingTextView
  - IQKeyboardManagerSwift
  - MBProgressHUD (~> 1.2.0)
  - SDWebImage (~> 5.0)

SPEC REPOS:
  trunk:
    - Alamofire
    - GrowingTextView
    - IQKeyboardManagerSwift
    - MBProgressHUD
    - SDWebImage

SPEC CHECKSUMS:
  Alamofire: 3ca42e259043ee0dc5c0cdd76c4bc568b8e42af7
  GrowingTextView: 876bf42005b5e4a4fd740597db12caaf41f0fe6c
  IQKeyboardManagerSwift: 12d89768845bb77b55cc092ecc2b1f9370f06b76
  MBProgressHUD: 3ee5efcc380f6a79a7cc9b363dd669c5e1ae7406
  SDWebImage: f9258c58221ed854cfa0e2b80ee4033710b1c6d3

PODFILE CHECKSUM: 26d06e2fecc676f3f7303e2e05a26c0d2d34be3c

COCOAPODS: 1.12.1
